
Microsoft Visual Studio Solution File, Format Version 12.00
# Visual Studio Version 17
VisualStudioVersion = 17.14.36623.8 d17.14
MinimumVisualStudioVersion = 10.0.40219.1
Project("{FAE04EC0-301F-11D3-BF4B-00C04F79EFBC}") = "CodePulse.API", "CodePulse.API\CodePulse.API.csproj", "{5F3979C8-1974-424F-8111-9B6D28C8D091}"
EndProject
Global
	GlobalSection(SolutionConfigurationPlatforms) = preSolution
		Debug|Any CPU = Debug|Any CPU
		Release|Any CPU = Release|Any CPU
	EndGlobalSection
	GlobalSection(ProjectConfigurationPlatforms) = postSolution
		{5F3979C8-1974-424F-8111-9B6D28C8D091}.Debug|Any CPU.ActiveCfg = Debug|Any CPU
		{5F3979C8-1974-424F-8111-9B6D28C8D091}.Debug|Any CPU.Build.0 = Debug|Any CPU
		{5F3979C8-1974-424F-8111-9B6D28C8D091}.Release|Any CPU.ActiveCfg = Release|Any CPU
		{5F3979C8-1974-424F-8111-9B6D28C8D091}.Release|Any CPU.Build.0 = Release|Any CPU
	EndGlobalSection
	GlobalSection(SolutionProperties) = preSolution
		HideSolutionNode = FALSE
	EndGlobalSection
	GlobalSection(ExtensibilityGlobals) = postSolution
		SolutionGuid = {3D7AFE12-7A72-4987-9681-7E80E9255924}
	EndGlobalSection
EndGlobal
